
Microsoft Visual Studio Solution File, Format Version 12.00
# Visual Studio Version 16
VisualStudioVersion = 16.0.30804.86
MinimumVisualStudioVersion = 10.0.40219.1
Project("{FAE04EC0-301F-11D3-BF4B-00C04F79EFBC}") = "DemoAsync.Console", "DemoAsync.Console\DemoAsync.Console.csproj", "{BF196D7C-B7D0-4241-B9DE-95F1F9DC2DB5}"
EndProject
Global
	GlobalSection(SolutionConfigurationPlatforms) = preSolution
		Debug|Any CPU = Debug|Any CPU
		Release|Any CPU = Release|Any CPU
	EndGlobalSection
	GlobalSection(ProjectConfigurationPlatforms) = postSolution
		{BF196D7C-B7D0-4241-B9DE-95F1F9DC2DB5}.Debug|Any CPU.ActiveCfg = Debug|Any CPU
		{BF196D7C-B7D0-4241-B9DE-95F1F9DC2DB5}.Debug|Any CPU.Build.0 = Debug|Any CPU
		{BF196D7C-B7D0-4241-B9DE-95F1F9DC2DB5}.Release|Any CPU.ActiveCfg = Release|Any CPU
		{BF196D7C-B7D0-4241-B9DE-95F1F9DC2DB5}.Release|Any CPU.Build.0 = Release|Any CPU
	EndGlobalSection
	GlobalSection(SolutionProperties) = preSolution
		HideSolutionNode = FALSE
	EndGlobalSection
	GlobalSection(ExtensibilityGlobals) = postSolution
		SolutionGuid = {6C9B9C0D-F954-4209-AAAF-130015FF4A0C}
	EndGlobalSection
EndGlobal
